
Microsoft Visual Studio Solution File, Format Version 12.00
# Visual Studio Version 17
VisualStudioVersion = 17.5.33627.172
MinimumVisualStudioVersion = 10.0.40219.1
Project("{9A19103F-16F7-4668-BE54-9A1E7A4F7556}") = "TriosReconstruction", "TriosReconstruction.csproj", "{2951BA81-88A7-4732-B75B-BBDAECD43DD1}"
EndProject
Project("{9A19103F-16F7-4668-BE54-9A1E7A4F7556}") = "TriosReconstruction.Tests", "TrisReconstruction.Tests\TriosReconstruction.Tests.csproj", "{EEAE837C-F4D9-4074-A965-501063BF67D7}"
EndProject
Global
	GlobalSection(SolutionConfigurationPlatforms) = preSolution
		Debug|Any CPU = Debug|Any CPU
		Release|Any CPU = Release|Any CPU
	EndGlobalSection
	GlobalSection(ProjectConfigurationPlatforms) = postSolution
		{2951BA81-88A7-4732-B75B-BBDAECD43DD1}.Debug|Any CPU.ActiveCfg = Debug|Any CPU
		{2951BA81-88A7-4732-B75B-BBDAECD43DD1}.Debug|Any CPU.Build.0 = Debug|Any CPU
		{2951BA81-88A7-4732-B75B-BBDAECD43DD1}.Release|Any CPU.ActiveCfg = Release|Any CPU
		{2951BA81-88A7-4732-B75B-BBDAECD43DD1}.Release|Any CPU.Build.0 = Release|Any CPU
		{EEAE837C-F4D9-4074-A965-501063BF67D7}.Debug|Any CPU.ActiveCfg = Debug|Any CPU
		{EEAE837C-F4D9-4074-A965-501063BF67D7}.Debug|Any CPU.Build.0 = Debug|Any CPU
		{EEAE837C-F4D9-4074-A965-501063BF67D7}.Release|Any CPU.ActiveCfg = Release|Any CPU
		{EEAE837C-F4D9-4074-A965-501063BF67D7}.Release|Any CPU.Build.0 = Release|Any CPU
	EndGlobalSection
	GlobalSection(SolutionProperties) = preSolution
		HideSolutionNode = FALSE
	EndGlobalSection
	GlobalSection(ExtensibilityGlobals) = postSolution
		SolutionGuid = {8FEB3EB6-1FB6-4755-ACC1-E7030E68E73F}
	EndGlobalSection
EndGlobal
